// !$*UTF8*$!
{
	archiveVersion = 1;
	classes = {
	};
	objectVersion = 50;
	objects = {

/* Begin PBXBuildFile section */
		3049565E23642ED3004619D9 /* AppDelegate.swift in Sources */ = {isa = PBXBuildFile; fileRef = 3049565D23642ED3004619D9 /* AppDelegate.swift */; };
		3049566023642ED3004619D9 /* SceneDelegate.swift in Sources */ = {isa = PBXBuildFile; fileRef = 3049565F23642ED3004619D9 /* SceneDelegate.swift */; };
		3049566223642ED3004619D9 /* ContentView.swift in Sources */ = {isa = PBXBuildFile; fileRef = 3049566123642ED3004619D9 /* ContentView.swift */; };
		3049566423642ED9004619D9 /* Assets.xcassets in Resources */ = {isa = PBXBuildFile; fileRef = 3049566323642ED9004619D9 /* Assets.xcassets */; };
		3049566723642ED9004619D9 /* Preview Assets.xcassets in Resources */ = {isa = PBXBuildFile; fileRef = 3049566623642ED9004619D9 /* Preview Assets.xcassets */; };
		3049566A23642ED9004619D9 /* LaunchScreen.storyboard in Resources */ = {isa = PBXBuildFile; fileRef = 3049566823642ED9004619D9 /* LaunchScreen.storyboard */; };
		3049567223643F53004619D9 /* Coordinator.swift in Sources */ = {isa = PBXBuildFile; fileRef = 3049567123643F53004619D9 /* Coordinator.swift */; };
/* End PBXBuildFile section */

/* Begin PBXFileReference section */
		3049565A23642ED3004619D9 /* CameraAndGalleryTutorial.app */ = {isa = PBXFileReference; explicitFileType = wrapper.application; includeInIndex = 0; path = CameraAndGalleryTutorial.app; sourceTree = BUILT_PRODUCTS_DIR; };
		3049565D23642ED3004619D9 /* AppDelegate.swift */ = {isa = PBXFileReference; lastKnownFileType = sourcecode.swift; path = AppDelegate.swift; sourceTree = "<group>"; };
		3049565F23642ED3004619D9 /* SceneDelegate.swift */ = {isa = PBXFileReference; lastKnownFileType = sourcecode.swift; path = SceneDelegate.swift; sourceTree = "<group>"; };
		3049566123642ED3004619D9 /* ContentView.swift */ = {isa = PBXFileReference; lastKnownFileType = sourcecode.swift; path = ContentView.swift; sourceTree = "<group>"; };
		3049566323642ED9004619D9 /* Assets.xcassets */ = {isa = PBXFileReference; lastKnownFileType = folder.assetcatalog; path = Assets.xcassets; sourceTree = "<group>"; };
		3049566623642ED9004619D9 /* Preview Assets.xcassets */ = {isa = PBXFileReference; lastKnownFileType = folder.assetcatalog; path = "Preview Assets.xcassets"; sourceTree = "<group>"; };
		3049566923642ED9004619D9 /* Base */ = {isa = PBXFileReference; lastKnownFileType = file.storyboard; name = Base; path = Base.lproj/LaunchScreen.storyboard; sourceTree = "<group>"; };
		3049566B23642ED9004619D9 /* Info.plist */ = {isa = PBXFileReference; lastKnownFileType = text.plist.xml; path = Info.plist; sourceTree = "<group>"; };
		3049567123643F53004619D9 /* Coordinator.swift */ = {isa = PBXFileReference; lastKnownFileType = sourcecode.swift; path = Coordinator.swift; sourceTree = "<group>"; };
/* End PBXFileReference section */

/* Begin PBXFrameworksBuildPhase section */
		3049565723642ED3004619D9 /* Frameworks */ = {
			isa = PBXFrameworksBuildPhase;
			buildActionMask = 2147483647;
			files = (
			);
			runOnlyForDeploymentPostprocessing = 0;
		};
/* End PBXFrameworksBuildPhase section */

/* Begin PBXGroup section */
		3049565123642ED3004619D9 = {
			isa = PBXGroup;
			children = (
				3049565C23642ED3004619D9 /* CameraAndGalleryTutorial */,
				3049565B23642ED3004619D9 /* Products */,
			);
			sourceTree = "<group>";
		};
		3049565B23642ED3004619D9 /* Products */ = {
			isa = PBXGroup;
			children = (
				3049565A23642ED3004619D9 /* CameraAndGalleryTutorial.app */,
			);
			name = Products;
			sourceTree = "<group>";
		};
		3049565C23642ED3004619D9 /* CameraAndGalleryTutorial */ = {
			isa = PBXGroup;
			children = (
				3049565D23642ED3004619D9 /* AppDelegate.swift */,
				3049565F23642ED3004619D9 /* SceneDelegate.swift */,
				3049567123643F53004619D9 /* Coordinator.swift */,
				3049566123642ED3004619D9 /* ContentView.swift */,
				3049566323642ED9004619D9 /* Assets.xcassets */,
				3049566823642ED9004619D9 /* LaunchScreen.storyboard */,
				3049566B23642ED9004619D9 /* Info.plist */,
				3049566523642ED9004619D9 /* Preview Content */,
			);
			path = CameraAndGalleryTutorial;
			sourceTree = "<group>";
		};
		3049566523642ED9004619D9 /* Preview Content */ = {
			isa = PBXGroup;
			children = (
				3049566623642ED9004619D9 /* Preview Assets.xcassets */,
			);
			path = "Preview Content";
			sourceTree = "<group>";
		};
/* End PBXGroup section */

/* Begin PBXNativeTarget section */
		3049565923642ED3004619D9 /* CameraAndGalleryTutorial */ = {
			isa = PBXNativeTarget;
			buildConfigurationList = 3049566E23642ED9004619D9 /* Build configuration list for PBXNativeTarget "CameraAndGalleryTutorial" */;
			buildPhases = (
				3049565623642ED3004619D9 /* Sources */,
				3049565723642ED3004619D9 /* Frameworks */,
				3049565823642ED3004619D9 /* Resources */,
			);
			buildRules = (
			);
			dependencies = (
			);
			name = CameraAndGalleryTutorial;
			productName = CameraAndGalleryTutorial;
			productReference = 3049565A23642ED3004619D9 /* CameraAndGalleryTutorial.app */;
			productType = "com.apple.product-type.application";
		};
/* End PBXNativeTarget section */

/* Begin PBXProject section */
		3049565223642ED3004619D9 /* Project object */ = {
			isa = PBXProject;
			attributes = {
				LastSwiftUpdateCheck = 1110;
				LastUpgradeCheck = 1110;
				ORGANIZATIONNAME = "Duy Bui";
				TargetAttributes = {
					3049565923642ED3004619D9 = {
						CreatedOnToolsVersion = 11.1;
					};
				};
			};
			buildConfigurationList = 3049565523642ED3004619D9 /* Build configuration list for PBXProject "CameraAndGalleryTutorial" */;
			compatibilityVersion = "Xcode 9.3";
			developmentRegion = en;
			hasScannedForEncodings = 0;
			knownRegions = (
				en,
				Base,
			);
			mainGroup = 3049565123642ED3004619D9;
			productRefGroup = 3049565B23642ED3004619D9 /* Products */;
			projectDirPath = "";
			projectRoot = "";
			targets = (
				3049565923642ED3004619D9 /* CameraAndGalleryTutorial */,
			);
		};
/* End PBXProject section */

/* Begin PBXResourcesBuildPhase section */
		3049565823642ED3004619D9 /* Resources */ = {
			isa = PBXResourcesBuildPhase;
			buildActionMask = 2147483647;
			files = (
				3049566A23642ED9004619D9 /* LaunchScreen.storyboard in Resources */,
				3049566723642ED9004619D9 /* Preview Assets.xcassets in Resources */,
				3049566423642ED9004619D9 /* Assets.xcassets in Resources */,
			);
			runOnlyForDeploymentPostprocessing = 0;
		};
/* End PBXResourcesBuildPhase section */

/* Begin PBXSourcesBuildPhase section */
		3049565623642ED3004619D9 /* Sources */ = {
			isa = PBXSourcesBuildPhase;
			buildActionMask = 2147483647;
			files = (
				3049567223643F53004619D9 /* Coordinator.swift in Sources */,
				3049565E23642ED3004619D9 /* AppDelegate.swift in Sources */,
				3049566023642ED3004619D9 /* SceneDelegate.swift in Sources */,
				3049566223642ED3004619D9 /* ContentView.swift in Sources */,
			);
			runOnlyForDeploymentPostprocessing = 0;
		};
/* End PBXSourcesBuildPhase section */

/* Begin PBXVariantGroup section */
		3049566823642ED9004619D9 /* LaunchScreen.storyboard */ = {
			isa = PBXVariantGroup;
			children = (
				3049566923642ED9004619D9 /* Base */,
			);
			name = LaunchScreen.storyboard;
			sourceTree = "<group>";
		};
/* End PBXVariantGroup section */

/* Begin XCBuildConfiguration section */
		3049566C23642ED9004619D9 /* Debug */ = {
			isa = XCBuildConfiguration;
			buildSettings = {
				ALWAYS_SEARCH_USER_PATHS = NO;
				CLANG_ANALYZER_NONNULL = YES;
				CLANG_ANALYZER_NUMBER_OBJECT_CONVERSION = YES_AGGRESSIVE;
				CLANG_CXX_LANGUAGE_STANDARD = "gnu++14";
				CLANG_CXX_LIBRARY = "libc++";
				CLANG_ENABLE_MODULES = YES;
				CLANG_ENABLE_OBJC_ARC = YES;
				CLANG_ENABLE_OBJC_WEAK = YES;
				CLANG_WARN_BLOCK_CAPTURE_AUTORELEASING = YES;
				CLANG_WARN_BOOL_CONVERSION = YES;
				CLANG_WARN_COMMA = YES;
				CLANG_WARN_CONSTANT_CONVERSION = YES;
				CLANG_WARN_DEPRECATED_OBJC_IMPLEMENTATIONS = YES;
				CLANG_WARN_DIRECT_OBJC_ISA_USAGE = YES_ERROR;
				CLANG_WARN_DOCUMENTATION_COMMENTS = YES;
				CLANG_WARN_EMPTY_BODY = YES;
				CLANG_WARN_ENUM_CONVERSION = YES;
				CLANG_WARN_INFINITE_RECURSION = YES;
				CLANG_WARN_INT_CONVERSION = YES;
				CLANG_WARN_NON_LITERAL_NULL_CONVERSION = YES;
				CLANG_WARN_OBJC_IMPLICIT_RETAIN_SELF = YES;
				CLANG_WARN_OBJC_LITERAL_CONVERSION = YES;
				CLANG_WARN_OBJC_ROOT_CLASS = YES_ERROR;
				CLANG_WARN_RANGE_LOOP_ANALYSIS = YES;
				CLANG_WARN_STRICT_PROTOTYPES = YES;
				CLANG_WARN_SUSPICIOUS_MOVE = YES;
				CLANG_WARN_UNGUARDED_AVAILABILITY = YES_AGGRESSIVE;
				CLANG_WARN_UNREACHABLE_CODE = YES;
				CLANG_WARN__DUPLICATE_METHOD_MATCH = YES;
				COPY_PHASE_STRIP = NO;
				DEBUG_INFORMATION_FORMAT = dwarf;
				ENABLE_STRICT_OBJC_MSGSEND = YES;
				ENABLE_TESTABILITY = YES;
				GCC_C_LANGUAGE_STANDARD = gnu11;
				GCC_DYNAMIC_NO_PIC = NO;
				GCC_NO_COMMON_BLOCKS = YES;
				GCC_OPTIMIZATION_LEVEL = 0;
				GCC_PREPROCESSOR_DEFINITIONS = (
					"DEBUG=1",
					"$(inherited)",
				);
				GCC_WARN_64_TO_32_BIT_CONVERSION = YES;
				GCC_WARN_ABOUT_RETURN_TYPE = YES_ERROR;
				GCC_WARN_UNDECLARED_SELECTOR = YES;
				GCC_WARN_UNINITIALIZED_AUTOS = YES_AGGRESSIVE;
				GCC_WARN_UNUSED_FUNCTION = YES;
				GCC_WARN_UNUSED_VARIABLE = YES;
				IPHONEOS_DEPLOYMENT_TARGET = 13.1;
				MTL_ENABLE_DEBUG_INFO = INCLUDE_SOURCE;
				MTL_FAST_MATH = YES;
				ONLY_ACTIVE_ARCH = YES;
				SDKROOT = iphoneos;
				SWIFT_ACTIVE_COMPILATION_CONDITIONS = DEBUG;
				SWIFT_OPTIMIZATION_LEVEL = "-Onone";
			};
			name = Debug;
		};
		3049566D23642ED9004619D9 /* Release */ = {
			isa = XCBuildConfiguration;
			buildSettings = {
				ALWAYS_SEARCH_USER_PATHS = NO;
				CLANG_ANALYZER_NONNULL = YES;
				CLANG_ANALYZER_NUMBER_OBJECT_CONVERSION = YES_AGGRESSIVE;
				CLANG_CXX_LANGUAGE_STANDARD = "gnu++14";
				CLANG_CXX_LIBRARY = "libc++";
				CLANG_ENABLE_MODULES = YES;
				CLANG_ENABLE_OBJC_ARC = YES;
				CLANG_ENABLE_OBJC_WEAK = YES;
				CLANG_WARN_BLOCK_CAPTURE_AUTORELEASING = YES;
				CLANG_WARN_BOOL_CONVERSION = YES;
				CLANG_WARN_COMMA = YES;
				CLANG_WARN_CONSTANT_CONVERSION = YES;
				CLANG_WARN_DEPRECATED_OBJC_IMPLEMENTATIONS = YES;
				CLANG_WARN_DIRECT_OBJC_ISA_USAGE = YES_ERROR;
				CLANG_WARN_DOCUMENTATION_COMMENTS = YES;
				CLANG_WARN_EMPTY_BODY = YES;
				CLANG_WARN_ENUM_CONVERSION = YES;
				CLANG_WARN_INFINITE_RECURSION = YES;
				CLANG_WARN_INT_CONVERSION = YES;
				CLANG_WARN_NON_LITERAL_NULL_CONVERSION = YES;
				CLANG_WARN_OBJC_IMPLICIT_RETAIN_SELF = YES;
				CLANG_WARN_OBJC_LITERAL_CONVERSION = YES;
				CLANG_WARN_OBJC_ROOT_CLASS = YES_ERROR;
				CLANG_WARN_RANGE_LOOP_ANALYSIS = YES;
				CLANG_WARN_STRICT_PROTOTYPES = YES;
				CLANG_WARN_SUSPICIOUS_MOVE = YES;
				CLANG_WARN_UNGUARDED_AVAILABILITY = YES_AGGRESSIVE;
				CLANG_WARN_UNREACHABLE_CODE = YES;
				CLANG_WARN__DUPLICATE_METHOD_MATCH = YES;
				COPY_PHASE_STRIP = NO;
				DEBUG_INFORMATION_FORMAT = "dwarf-with-dsym";
				ENABLE_NS_ASSERTIONS = NO;
				ENABLE_STRICT_OBJC_MSGSEND = YES;
				GCC_C_LANGUAGE_STANDARD = gnu11;
				GCC_NO_COMMON_BLOCKS = YES;
				GCC_WARN_64_TO_32_BIT_CONVERSION = YES;
				GCC_WARN_ABOUT_RETURN_TYPE = YES_ERROR;
				GCC_WARN_UNDECLARED_SELECTOR = YES;
				GCC_WARN_UNINITIALIZED_AUTOS = YES_AGGRESSIVE;
				GCC_WARN_UNUSED_FUNCTION = YES;
				GCC_WARN_UNUSED_VARIABLE = YES;
				IPHONEOS_DEPLOYMENT_TARGET = 13.1;
				MTL_ENABLE_DEBUG_INFO = NO;
				MTL_FAST_MATH = YES;
				SDKROOT = iphoneos;
				SWIFT_COMPILATION_MODE = wholemodule;
				SWIFT_OPTIMIZATION_LEVEL = "-O";
				VALIDATE_PRODUCT = YES;
			};
			name = Release;
		};
		3049566F23642ED9004619D9 /* Debug */ = {
			isa = XCBuildConfiguration;
			buildSettings = {
				ASSETCATALOG_COMPILER_APPICON_NAME = AppIcon;
				CODE_SIGN_IDENTITY = "Apple Development";
				CODE_SIGN_STYLE = Automatic;
				DEVELOPMENT_ASSET_PATHS = "\"CameraAndGalleryTutorial/Preview Content\"";
				DEVELOPMENT_TEAM = 9TD674FJYT;
				ENABLE_PREVIEWS = YES;
				INFOPLIST_FILE = CameraAndGalleryTutorial/Info.plist;
				LD_RUNPATH_SEARCH_PATHS = (
					"$(inherited)",
					"@executable_path/Frameworks",
				);
				PRODUCT_BUNDLE_IDENTIFIER = duybui.iosapptemplate.tutorial.CameraAndGalleryTutorial;
				PRODUCT_NAME = "$(TARGET_NAME)";
				PROVISIONING_PROFILE_SPECIFIER = "";
				SWIFT_VERSION = 5.0;
				TARGETED_DEVICE_FAMILY = "1,2";
			};
			name = Debug;
		};
		3049567023642ED9004619D9 /* Release */ = {
			isa = XCBuildConfiguration;
			buildSettings = {
				ASSETCATALOG_COMPILER_APPICON_NAME = AppIcon;
				CODE_SIGN_IDENTITY = "Apple Development";
				CODE_SIGN_STYLE = Automatic;
				DEVELOPMENT_ASSET_PATHS = "\"CameraAndGalleryTutorial/Preview Content\"";
				DEVELOPMENT_TEAM = 9TD674FJYT;
				ENABLE_PREVIEWS = YES;
				INFOPLIST_FILE = CameraAndGalleryTutorial/Info.plist;
				LD_RUNPATH_SEARCH_PATHS = (
					"$(inherited)",
					"@executable_path/Frameworks",
				);
				PRODUCT_BUNDLE_IDENTIFIER = duybui.iosapptemplate.tutorial.CameraAndGalleryTutorial;
				PRODUCT_NAME = "$(TARGET_NAME)";
				PROVISIONING_PROFILE_SPECIFIER = "";
				SWIFT_VERSION = 5.0;
				TARGETED_DEVICE_FAMILY = "1,2";
			};
			name = Release;
		};
/* End XCBuildConfiguration section */

/* Begin XCConfigurationList section */
		3049565523642ED3004619D9 /* Build configuration list for PBXProject "CameraAndGalleryTutorial" */ = {
			isa = XCConfigurationList;
			buildConfigurations = (
				3049566C23642ED9004619D9 /* Debug */,
				3049566D23642ED9004619D9 /* Release */,
			);
			defaultConfigurationIsVisible = 0;
			defaultConfigurationName = Release;
		};
		3049566E23642ED9004619D9 /* Build configuration list for PBXNativeTarget "CameraAndGalleryTutorial" */ = {
			isa = XCConfigurationList;
			buildConfigurations = (
				3049566F23642ED9004619D9 /* Debug */,
				3049567023642ED9004619D9 /* Release */,
			);
			defaultConfigurationIsVisible = 0;
			defaultConfigurationName = Release;
		};
/* End XCConfigurationList section */
	};
	rootObject = 3049565223642ED3004619D9 /* Project object */;
}
