// !$*UTF8*$!
{
	archiveVersion = 1;
	classes = {
	};
	objectVersion = 50;
	objects = {

/* Begin PBXBuildFile section */
		3045530923E6702D00F41AF3 /* AppDelegate.swift in Sources */ = {isa = PBXBuildFile; fileRef = 3045530823E6702D00F41AF3 /* AppDelegate.swift */; };
		3045530B23E6702D00F41AF3 /* SceneDelegate.swift in Sources */ = {isa = PBXBuildFile; fileRef = 3045530A23E6702D00F41AF3 /* SceneDelegate.swift */; };
		3045530D23E6702D00F41AF3 /* ChatView.swift in Sources */ = {isa = PBXBuildFile; fileRef = 3045530C23E6702D00F41AF3 /* ChatView.swift */; };
		3045530F23E6703300F41AF3 /* Assets.xcassets in Resources */ = {isa = PBXBuildFile; fileRef = 3045530E23E6703300F41AF3 /* Assets.xcassets */; };
		3045531223E6703300F41AF3 /* Preview Assets.xcassets in Resources */ = {isa = PBXBuildFile; fileRef = 3045531123E6703300F41AF3 /* Preview Assets.xcassets */; };
		3045531523E6703300F41AF3 /* LaunchScreen.storyboard in Resources */ = {isa = PBXBuildFile; fileRef = 3045531323E6703300F41AF3 /* LaunchScreen.storyboard */; };
		3045531E23E6711300F41AF3 /* User.swift in Sources */ = {isa = PBXBuildFile; fileRef = 3045531D23E6711300F41AF3 /* User.swift */; };
		3045532023E6712800F41AF3 /* Message.swift in Sources */ = {isa = PBXBuildFile; fileRef = 3045531F23E6712800F41AF3 /* Message.swift */; };
		3045532323E6B8DE00F41AF3 /* MessageView.swift in Sources */ = {isa = PBXBuildFile; fileRef = 3045532223E6B8DE00F41AF3 /* MessageView.swift */; };
		3045532523E6BB3F00F41AF3 /* ChatHelper.swift in Sources */ = {isa = PBXBuildFile; fileRef = 3045532423E6BB3F00F41AF3 /* ChatHelper.swift */; };
		3045532823E6BDF300F41AF3 /* KeyboardResponder.swift in Sources */ = {isa = PBXBuildFile; fileRef = 3045532723E6BDF300F41AF3 /* KeyboardResponder.swift */; };
		3045532A23E6C9B900F41AF3 /* ContentMessageView.swift in Sources */ = {isa = PBXBuildFile; fileRef = 3045532923E6C9B900F41AF3 /* ContentMessageView.swift */; };
		3045532C23E6DEAE00F41AF3 /* ViewExtension.swift in Sources */ = {isa = PBXBuildFile; fileRef = 3045532B23E6DEAE00F41AF3 /* ViewExtension.swift */; };
/* End PBXBuildFile section */

/* Begin PBXFileReference section */
		3045530523E6702D00F41AF3 /* ChatViewTutorial.app */ = {isa = PBXFileReference; explicitFileType = wrapper.application; includeInIndex = 0; path = ChatViewTutorial.app; sourceTree = BUILT_PRODUCTS_DIR; };
		3045530823E6702D00F41AF3 /* AppDelegate.swift */ = {isa = PBXFileReference; lastKnownFileType = sourcecode.swift; path = AppDelegate.swift; sourceTree = "<group>"; };
		3045530A23E6702D00F41AF3 /* SceneDelegate.swift */ = {isa = PBXFileReference; lastKnownFileType = sourcecode.swift; path = SceneDelegate.swift; sourceTree = "<group>"; };
		3045530C23E6702D00F41AF3 /* ChatView.swift */ = {isa = PBXFileReference; lastKnownFileType = sourcecode.swift; path = ChatView.swift; sourceTree = "<group>"; };
		3045530E23E6703300F41AF3 /* Assets.xcassets */ = {isa = PBXFileReference; lastKnownFileType = folder.assetcatalog; path = Assets.xcassets; sourceTree = "<group>"; };
		3045531123E6703300F41AF3 /* Preview Assets.xcassets */ = {isa = PBXFileReference; lastKnownFileType = folder.assetcatalog; path = "Preview Assets.xcassets"; sourceTree = "<group>"; };
		3045531423E6703300F41AF3 /* Base */ = {isa = PBXFileReference; lastKnownFileType = file.storyboard; name = Base; path = Base.lproj/LaunchScreen.storyboard; sourceTree = "<group>"; };
		3045531623E6703300F41AF3 /* Info.plist */ = {isa = PBXFileReference; lastKnownFileType = text.plist.xml; path = Info.plist; sourceTree = "<group>"; };
		3045531D23E6711300F41AF3 /* User.swift */ = {isa = PBXFileReference; lastKnownFileType = sourcecode.swift; path = User.swift; sourceTree = "<group>"; };
		3045531F23E6712800F41AF3 /* Message.swift */ = {isa = PBXFileReference; lastKnownFileType = sourcecode.swift; path = Message.swift; sourceTree = "<group>"; };
		3045532223E6B8DE00F41AF3 /* MessageView.swift */ = {isa = PBXFileReference; lastKnownFileType = sourcecode.swift; path = MessageView.swift; sourceTree = "<group>"; };
		3045532423E6BB3F00F41AF3 /* ChatHelper.swift */ = {isa = PBXFileReference; lastKnownFileType = sourcecode.swift; path = ChatHelper.swift; sourceTree = "<group>"; };
		3045532723E6BDF300F41AF3 /* KeyboardResponder.swift */ = {isa = PBXFileReference; lastKnownFileType = sourcecode.swift; path = KeyboardResponder.swift; sourceTree = "<group>"; };
		3045532923E6C9B900F41AF3 /* ContentMessageView.swift */ = {isa = PBXFileReference; lastKnownFileType = sourcecode.swift; path = ContentMessageView.swift; sourceTree = "<group>"; };
		3045532B23E6DEAE00F41AF3 /* ViewExtension.swift */ = {isa = PBXFileReference; lastKnownFileType = sourcecode.swift; path = ViewExtension.swift; sourceTree = "<group>"; };
/* End PBXFileReference section */

/* Begin PBXFrameworksBuildPhase section */
		3045530223E6702D00F41AF3 /* Frameworks */ = {
			isa = PBXFrameworksBuildPhase;
			buildActionMask = 2147483647;
			files = (
			);
			runOnlyForDeploymentPostprocessing = 0;
		};
/* End PBXFrameworksBuildPhase section */

/* Begin PBXGroup section */
		304552FC23E6702D00F41AF3 = {
			isa = PBXGroup;
			children = (
				3045530723E6702D00F41AF3 /* ChatViewTutorial */,
				3045530623E6702D00F41AF3 /* Products */,
			);
			sourceTree = "<group>";
		};
		3045530623E6702D00F41AF3 /* Products */ = {
			isa = PBXGroup;
			children = (
				3045530523E6702D00F41AF3 /* ChatViewTutorial.app */,
			);
			name = Products;
			sourceTree = "<group>";
		};
		3045530723E6702D00F41AF3 /* ChatViewTutorial */ = {
			isa = PBXGroup;
			children = (
				3045532623E6BDCE00F41AF3 /* Helper */,
				3045532123E6B82B00F41AF3 /* View */,
				3045531C23E670FE00F41AF3 /* Models */,
				3045530823E6702D00F41AF3 /* AppDelegate.swift */,
				3045530A23E6702D00F41AF3 /* SceneDelegate.swift */,
				3045530E23E6703300F41AF3 /* Assets.xcassets */,
				3045531323E6703300F41AF3 /* LaunchScreen.storyboard */,
				3045531623E6703300F41AF3 /* Info.plist */,
				3045531023E6703300F41AF3 /* Preview Content */,
			);
			path = ChatViewTutorial;
			sourceTree = "<group>";
		};
		3045531023E6703300F41AF3 /* Preview Content */ = {
			isa = PBXGroup;
			children = (
				3045531123E6703300F41AF3 /* Preview Assets.xcassets */,
			);
			path = "Preview Content";
			sourceTree = "<group>";
		};
		3045531C23E670FE00F41AF3 /* Models */ = {
			isa = PBXGroup;
			children = (
				3045531D23E6711300F41AF3 /* User.swift */,
				3045531F23E6712800F41AF3 /* Message.swift */,
			);
			path = Models;
			sourceTree = "<group>";
		};
		3045532123E6B82B00F41AF3 /* View */ = {
			isa = PBXGroup;
			children = (
				3045530C23E6702D00F41AF3 /* ChatView.swift */,
				3045532223E6B8DE00F41AF3 /* MessageView.swift */,
				3045532923E6C9B900F41AF3 /* ContentMessageView.swift */,
			);
			path = View;
			sourceTree = "<group>";
		};
		3045532623E6BDCE00F41AF3 /* Helper */ = {
			isa = PBXGroup;
			children = (
				3045532423E6BB3F00F41AF3 /* ChatHelper.swift */,
				3045532723E6BDF300F41AF3 /* KeyboardResponder.swift */,
				3045532B23E6DEAE00F41AF3 /* ViewExtension.swift */,
			);
			path = Helper;
			sourceTree = "<group>";
		};
/* End PBXGroup section */

/* Begin PBXNativeTarget section */
		3045530423E6702D00F41AF3 /* ChatViewTutorial */ = {
			isa = PBXNativeTarget;
			buildConfigurationList = 3045531923E6703300F41AF3 /* Build configuration list for PBXNativeTarget "ChatViewTutorial" */;
			buildPhases = (
				3045530123E6702D00F41AF3 /* Sources */,
				3045530223E6702D00F41AF3 /* Frameworks */,
				3045530323E6702D00F41AF3 /* Resources */,
			);
			buildRules = (
			);
			dependencies = (
			);
			name = ChatViewTutorial;
			productName = ChatViewTutorial;
			productReference = 3045530523E6702D00F41AF3 /* ChatViewTutorial.app */;
			productType = "com.apple.product-type.application";
		};
/* End PBXNativeTarget section */

/* Begin PBXProject section */
		304552FD23E6702D00F41AF3 /* Project object */ = {
			isa = PBXProject;
			attributes = {
				LastSwiftUpdateCheck = 1110;
				LastUpgradeCheck = 1110;
				ORGANIZATIONNAME = "Duy Bui";
				TargetAttributes = {
					3045530423E6702D00F41AF3 = {
						CreatedOnToolsVersion = 11.1;
					};
				};
			};
			buildConfigurationList = 3045530023E6702D00F41AF3 /* Build configuration list for PBXProject "ChatViewTutorial" */;
			compatibilityVersion = "Xcode 9.3";
			developmentRegion = en;
			hasScannedForEncodings = 0;
			knownRegions = (
				en,
				Base,
			);
			mainGroup = 304552FC23E6702D00F41AF3;
			productRefGroup = 3045530623E6702D00F41AF3 /* Products */;
			projectDirPath = "";
			projectRoot = "";
			targets = (
				3045530423E6702D00F41AF3 /* ChatViewTutorial */,
			);
		};
/* End PBXProject section */

/* Begin PBXResourcesBuildPhase section */
		3045530323E6702D00F41AF3 /* Resources */ = {
			isa = PBXResourcesBuildPhase;
			buildActionMask = 2147483647;
			files = (
				3045531523E6703300F41AF3 /* LaunchScreen.storyboard in Resources */,
				3045531223E6703300F41AF3 /* Preview Assets.xcassets in Resources */,
				3045530F23E6703300F41AF3 /* Assets.xcassets in Resources */,
			);
			runOnlyForDeploymentPostprocessing = 0;
		};
/* End PBXResourcesBuildPhase section */

/* Begin PBXSourcesBuildPhase section */
		3045530123E6702D00F41AF3 /* Sources */ = {
			isa = PBXSourcesBuildPhase;
			buildActionMask = 2147483647;
			files = (
				3045532323E6B8DE00F41AF3 /* MessageView.swift in Sources */,
				3045531E23E6711300F41AF3 /* User.swift in Sources */,
				3045530923E6702D00F41AF3 /* AppDelegate.swift in Sources */,
				3045532023E6712800F41AF3 /* Message.swift in Sources */,
				3045532C23E6DEAE00F41AF3 /* ViewExtension.swift in Sources */,
				3045532523E6BB3F00F41AF3 /* ChatHelper.swift in Sources */,
				3045532823E6BDF300F41AF3 /* KeyboardResponder.swift in Sources */,
				3045532A23E6C9B900F41AF3 /* ContentMessageView.swift in Sources */,
				3045530B23E6702D00F41AF3 /* SceneDelegate.swift in Sources */,
				3045530D23E6702D00F41AF3 /* ChatView.swift in Sources */,
			);
			runOnlyForDeploymentPostprocessing = 0;
		};
/* End PBXSourcesBuildPhase section */

/* Begin PBXVariantGroup section */
		3045531323E6703300F41AF3 /* LaunchScreen.storyboard */ = {
			isa = PBXVariantGroup;
			children = (
				3045531423E6703300F41AF3 /* Base */,
			);
			name = LaunchScreen.storyboard;
			sourceTree = "<group>";
		};
/* End PBXVariantGroup section */

/* Begin XCBuildConfiguration section */
		3045531723E6703300F41AF3 /* Debug */ = {
			isa = XCBuildConfiguration;
			buildSettings = {
				ALWAYS_SEARCH_USER_PATHS = NO;
				CLANG_ANALYZER_NONNULL = YES;
				CLANG_ANALYZER_NUMBER_OBJECT_CONVERSION = YES_AGGRESSIVE;
				CLANG_CXX_LANGUAGE_STANDARD = "gnu++14";
				CLANG_CXX_LIBRARY = "libc++";
				CLANG_ENABLE_MODULES = YES;
				CLANG_ENABLE_OBJC_ARC = YES;
				CLANG_ENABLE_OBJC_WEAK = YES;
				CLANG_WARN_BLOCK_CAPTURE_AUTORELEASING = YES;
				CLANG_WARN_BOOL_CONVERSION = YES;
				CLANG_WARN_COMMA = YES;
				CLANG_WARN_CONSTANT_CONVERSION = YES;
				CLANG_WARN_DEPRECATED_OBJC_IMPLEMENTATIONS = YES;
				CLANG_WARN_DIRECT_OBJC_ISA_USAGE = YES_ERROR;
				CLANG_WARN_DOCUMENTATION_COMMENTS = YES;
				CLANG_WARN_EMPTY_BODY = YES;
				CLANG_WARN_ENUM_CONVERSION = YES;
				CLANG_WARN_INFINITE_RECURSION = YES;
				CLANG_WARN_INT_CONVERSION = YES;
				CLANG_WARN_NON_LITERAL_NULL_CONVERSION = YES;
				CLANG_WARN_OBJC_IMPLICIT_RETAIN_SELF = YES;
				CLANG_WARN_OBJC_LITERAL_CONVERSION = YES;
				CLANG_WARN_OBJC_ROOT_CLASS = YES_ERROR;
				CLANG_WARN_RANGE_LOOP_ANALYSIS = YES;
				CLANG_WARN_STRICT_PROTOTYPES = YES;
				CLANG_WARN_SUSPICIOUS_MOVE = YES;
				CLANG_WARN_UNGUARDED_AVAILABILITY = YES_AGGRESSIVE;
				CLANG_WARN_UNREACHABLE_CODE = YES;
				CLANG_WARN__DUPLICATE_METHOD_MATCH = YES;
				COPY_PHASE_STRIP = NO;
				DEBUG_INFORMATION_FORMAT = dwarf;
				ENABLE_STRICT_OBJC_MSGSEND = YES;
				ENABLE_TESTABILITY = YES;
				GCC_C_LANGUAGE_STANDARD = gnu11;
				GCC_DYNAMIC_NO_PIC = NO;
				GCC_NO_COMMON_BLOCKS = YES;
				GCC_OPTIMIZATION_LEVEL = 0;
				GCC_PREPROCESSOR_DEFINITIONS = (
					"DEBUG=1",
					"$(inherited)",
				);
				GCC_WARN_64_TO_32_BIT_CONVERSION = YES;
				GCC_WARN_ABOUT_RETURN_TYPE = YES_ERROR;
				GCC_WARN_UNDECLARED_SELECTOR = YES;
				GCC_WARN_UNINITIALIZED_AUTOS = YES_AGGRESSIVE;
				GCC_WARN_UNUSED_FUNCTION = YES;
				GCC_WARN_UNUSED_VARIABLE = YES;
				IPHONEOS_DEPLOYMENT_TARGET = 13.1;
				MTL_ENABLE_DEBUG_INFO = INCLUDE_SOURCE;
				MTL_FAST_MATH = YES;
				ONLY_ACTIVE_ARCH = YES;
				SDKROOT = iphoneos;
				SWIFT_ACTIVE_COMPILATION_CONDITIONS = DEBUG;
				SWIFT_OPTIMIZATION_LEVEL = "-Onone";
			};
			name = Debug;
		};
		3045531823E6703300F41AF3 /* Release */ = {
			isa = XCBuildConfiguration;
			buildSettings = {
				ALWAYS_SEARCH_USER_PATHS = NO;
				CLANG_ANALYZER_NONNULL = YES;
				CLANG_ANALYZER_NUMBER_OBJECT_CONVERSION = YES_AGGRESSIVE;
				CLANG_CXX_LANGUAGE_STANDARD = "gnu++14";
				CLANG_CXX_LIBRARY = "libc++";
				CLANG_ENABLE_MODULES = YES;
				CLANG_ENABLE_OBJC_ARC = YES;
				CLANG_ENABLE_OBJC_WEAK = YES;
				CLANG_WARN_BLOCK_CAPTURE_AUTORELEASING = YES;
				CLANG_WARN_BOOL_CONVERSION = YES;
				CLANG_WARN_COMMA = YES;
				CLANG_WARN_CONSTANT_CONVERSION = YES;
				CLANG_WARN_DEPRECATED_OBJC_IMPLEMENTATIONS = YES;
				CLANG_WARN_DIRECT_OBJC_ISA_USAGE = YES_ERROR;
				CLANG_WARN_DOCUMENTATION_COMMENTS = YES;
				CLANG_WARN_EMPTY_BODY = YES;
				CLANG_WARN_ENUM_CONVERSION = YES;
				CLANG_WARN_INFINITE_RECURSION = YES;
				CLANG_WARN_INT_CONVERSION = YES;
				CLANG_WARN_NON_LITERAL_NULL_CONVERSION = YES;
				CLANG_WARN_OBJC_IMPLICIT_RETAIN_SELF = YES;
				CLANG_WARN_OBJC_LITERAL_CONVERSION = YES;
				CLANG_WARN_OBJC_ROOT_CLASS = YES_ERROR;
				CLANG_WARN_RANGE_LOOP_ANALYSIS = YES;
				CLANG_WARN_STRICT_PROTOTYPES = YES;
				CLANG_WARN_SUSPICIOUS_MOVE = YES;
				CLANG_WARN_UNGUARDED_AVAILABILITY = YES_AGGRESSIVE;
				CLANG_WARN_UNREACHABLE_CODE = YES;
				CLANG_WARN__DUPLICATE_METHOD_MATCH = YES;
				COPY_PHASE_STRIP = NO;
				DEBUG_INFORMATION_FORMAT = "dwarf-with-dsym";
				ENABLE_NS_ASSERTIONS = NO;
				ENABLE_STRICT_OBJC_MSGSEND = YES;
				GCC_C_LANGUAGE_STANDARD = gnu11;
				GCC_NO_COMMON_BLOCKS = YES;
				GCC_WARN_64_TO_32_BIT_CONVERSION = YES;
				GCC_WARN_ABOUT_RETURN_TYPE = YES_ERROR;
				GCC_WARN_UNDECLARED_SELECTOR = YES;
				GCC_WARN_UNINITIALIZED_AUTOS = YES_AGGRESSIVE;
				GCC_WARN_UNUSED_FUNCTION = YES;
				GCC_WARN_UNUSED_VARIABLE = YES;
				IPHONEOS_DEPLOYMENT_TARGET = 13.1;
				MTL_ENABLE_DEBUG_INFO = NO;
				MTL_FAST_MATH = YES;
				SDKROOT = iphoneos;
				SWIFT_COMPILATION_MODE = wholemodule;
				SWIFT_OPTIMIZATION_LEVEL = "-O";
				VALIDATE_PRODUCT = YES;
			};
			name = Release;
		};
		3045531A23E6703300F41AF3 /* Debug */ = {
			isa = XCBuildConfiguration;
			buildSettings = {
				ASSETCATALOG_COMPILER_APPICON_NAME = AppIcon;
				CODE_SIGN_STYLE = Automatic;
				DEVELOPMENT_ASSET_PATHS = "\"ChatViewTutorial/Preview Content\"";
				DEVELOPMENT_TEAM = 9TD674FJYT;
				ENABLE_PREVIEWS = YES;
				INFOPLIST_FILE = ChatViewTutorial/Info.plist;
				LD_RUNPATH_SEARCH_PATHS = (
					"$(inherited)",
					"@executable_path/Frameworks",
				);
				PRODUCT_BUNDLE_IDENTIFIER = duybui.iosapptemplate.tutorial.ChatViewTutorial;
				PRODUCT_NAME = "$(TARGET_NAME)";
				SWIFT_VERSION = 5.0;
				TARGETED_DEVICE_FAMILY = "1,2";
			};
			name = Debug;
		};
		3045531B23E6703300F41AF3 /* Release */ = {
			isa = XCBuildConfiguration;
			buildSettings = {
				ASSETCATALOG_COMPILER_APPICON_NAME = AppIcon;
				CODE_SIGN_STYLE = Automatic;
				DEVELOPMENT_ASSET_PATHS = "\"ChatViewTutorial/Preview Content\"";
				DEVELOPMENT_TEAM = 9TD674FJYT;
				ENABLE_PREVIEWS = YES;
				INFOPLIST_FILE = ChatViewTutorial/Info.plist;
				LD_RUNPATH_SEARCH_PATHS = (
					"$(inherited)",
					"@executable_path/Frameworks",
				);
				PRODUCT_BUNDLE_IDENTIFIER = duybui.iosapptemplate.tutorial.ChatViewTutorial;
				PRODUCT_NAME = "$(TARGET_NAME)";
				SWIFT_VERSION = 5.0;
				TARGETED_DEVICE_FAMILY = "1,2";
			};
			name = Release;
		};
/* End XCBuildConfiguration section */

/* Begin XCConfigurationList section */
		3045530023E6702D00F41AF3 /* Build configuration list for PBXProject "ChatViewTutorial" */ = {
			isa = XCConfigurationList;
			buildConfigurations = (
				3045531723E6703300F41AF3 /* Debug */,
				3045531823E6703300F41AF3 /* Release */,
			);
			defaultConfigurationIsVisible = 0;
			defaultConfigurationName = Release;
		};
		3045531923E6703300F41AF3 /* Build configuration list for PBXNativeTarget "ChatViewTutorial" */ = {
			isa = XCConfigurationList;
			buildConfigurations = (
				3045531A23E6703300F41AF3 /* Debug */,
				3045531B23E6703300F41AF3 /* Release */,
			);
			defaultConfigurationIsVisible = 0;
			defaultConfigurationName = Release;
		};
/* End XCConfigurationList section */
	};
	rootObject = 304552FD23E6702D00F41AF3 /* Project object */;
}
