// !$*UTF8*$!
{
	archiveVersion = 1;
	classes = {
	};
	objectVersion = 50;
	objects = {

/* Begin PBXBuildFile section */
		30A01E7C235C61C10010356B /* AppDelegate.swift in Sources */ = {isa = PBXBuildFile; fileRef = 30A01E7B235C61C10010356B /* AppDelegate.swift */; };
		30A01E7E235C61C10010356B /* SceneDelegate.swift in Sources */ = {isa = PBXBuildFile; fileRef = 30A01E7D235C61C10010356B /* SceneDelegate.swift */; };
		30A01E80235C61C10010356B /* ContentView.swift in Sources */ = {isa = PBXBuildFile; fileRef = 30A01E7F235C61C10010356B /* ContentView.swift */; };
		30A01E82235C61C30010356B /* Assets.xcassets in Resources */ = {isa = PBXBuildFile; fileRef = 30A01E81235C61C30010356B /* Assets.xcassets */; };
		30A01E85235C61C30010356B /* Preview Assets.xcassets in Resources */ = {isa = PBXBuildFile; fileRef = 30A01E84235C61C30010356B /* Preview Assets.xcassets */; };
		30A01E88235C61C30010356B /* LaunchScreen.storyboard in Resources */ = {isa = PBXBuildFile; fileRef = 30A01E86235C61C30010356B /* LaunchScreen.storyboard */; };
/* End PBXBuildFile section */

/* Begin PBXFileReference section */
		30A01E78235C61C10010356B /* TabbedViewTutorials.app */ = {isa = PBXFileReference; explicitFileType = wrapper.application; includeInIndex = 0; path = TabbedViewTutorials.app; sourceTree = BUILT_PRODUCTS_DIR; };
		30A01E7B235C61C10010356B /* AppDelegate.swift */ = {isa = PBXFileReference; lastKnownFileType = sourcecode.swift; path = AppDelegate.swift; sourceTree = "<group>"; };
		30A01E7D235C61C10010356B /* SceneDelegate.swift */ = {isa = PBXFileReference; lastKnownFileType = sourcecode.swift; path = SceneDelegate.swift; sourceTree = "<group>"; };
		30A01E7F235C61C10010356B /* ContentView.swift */ = {isa = PBXFileReference; lastKnownFileType = sourcecode.swift; path = ContentView.swift; sourceTree = "<group>"; };
		30A01E81235C61C30010356B /* Assets.xcassets */ = {isa = PBXFileReference; lastKnownFileType = folder.assetcatalog; path = Assets.xcassets; sourceTree = "<group>"; };
		30A01E84235C61C30010356B /* Preview Assets.xcassets */ = {isa = PBXFileReference; lastKnownFileType = folder.assetcatalog; path = "Preview Assets.xcassets"; sourceTree = "<group>"; };
		30A01E87235C61C30010356B /* Base */ = {isa = PBXFileReference; lastKnownFileType = file.storyboard; name = Base; path = Base.lproj/LaunchScreen.storyboard; sourceTree = "<group>"; };
		30A01E89235C61C30010356B /* Info.plist */ = {isa = PBXFileReference; lastKnownFileType = text.plist.xml; path = Info.plist; sourceTree = "<group>"; };
/* End PBXFileReference section */

/* Begin PBXFrameworksBuildPhase section */
		30A01E75235C61C10010356B /* Frameworks */ = {
			isa = PBXFrameworksBuildPhase;
			buildActionMask = 2147483647;
			files = (
			);
			runOnlyForDeploymentPostprocessing = 0;
		};
/* End PBXFrameworksBuildPhase section */

/* Begin PBXGroup section */
		30A01E6F235C61C10010356B = {
			isa = PBXGroup;
			children = (
				30A01E7A235C61C10010356B /* TabbedViewTutorials */,
				30A01E79235C61C10010356B /* Products */,
			);
			sourceTree = "<group>";
		};
		30A01E79235C61C10010356B /* Products */ = {
			isa = PBXGroup;
			children = (
				30A01E78235C61C10010356B /* TabbedViewTutorials.app */,
			);
			name = Products;
			sourceTree = "<group>";
		};
		30A01E7A235C61C10010356B /* TabbedViewTutorials */ = {
			isa = PBXGroup;
			children = (
				30A01E7B235C61C10010356B /* AppDelegate.swift */,
				30A01E7D235C61C10010356B /* SceneDelegate.swift */,
				30A01E7F235C61C10010356B /* ContentView.swift */,
				30A01E81235C61C30010356B /* Assets.xcassets */,
				30A01E86235C61C30010356B /* LaunchScreen.storyboard */,
				30A01E89235C61C30010356B /* Info.plist */,
				30A01E83235C61C30010356B /* Preview Content */,
			);
			path = TabbedViewTutorials;
			sourceTree = "<group>";
		};
		30A01E83235C61C30010356B /* Preview Content */ = {
			isa = PBXGroup;
			children = (
				30A01E84235C61C30010356B /* Preview Assets.xcassets */,
			);
			path = "Preview Content";
			sourceTree = "<group>";
		};
/* End PBXGroup section */

/* Begin PBXNativeTarget section */
		30A01E77235C61C10010356B /* TabbedViewTutorials */ = {
			isa = PBXNativeTarget;
			buildConfigurationList = 30A01E8C235C61C30010356B /* Build configuration list for PBXNativeTarget "TabbedViewTutorials" */;
			buildPhases = (
				30A01E74235C61C10010356B /* Sources */,
				30A01E75235C61C10010356B /* Frameworks */,
				30A01E76235C61C10010356B /* Resources */,
			);
			buildRules = (
			);
			dependencies = (
			);
			name = TabbedViewTutorials;
			productName = TabbedViewTutorials;
			productReference = 30A01E78235C61C10010356B /* TabbedViewTutorials.app */;
			productType = "com.apple.product-type.application";
		};
/* End PBXNativeTarget section */

/* Begin PBXProject section */
		30A01E70235C61C10010356B /* Project object */ = {
			isa = PBXProject;
			attributes = {
				LastSwiftUpdateCheck = 1110;
				LastUpgradeCheck = 1110;
				ORGANIZATIONNAME = "Duy Bui";
				TargetAttributes = {
					30A01E77235C61C10010356B = {
						CreatedOnToolsVersion = 11.1;
					};
				};
			};
			buildConfigurationList = 30A01E73235C61C10010356B /* Build configuration list for PBXProject "TabbedViewTutorials" */;
			compatibilityVersion = "Xcode 9.3";
			developmentRegion = en;
			hasScannedForEncodings = 0;
			knownRegions = (
				en,
				Base,
			);
			mainGroup = 30A01E6F235C61C10010356B;
			productRefGroup = 30A01E79235C61C10010356B /* Products */;
			projectDirPath = "";
			projectRoot = "";
			targets = (
				30A01E77235C61C10010356B /* TabbedViewTutorials */,
			);
		};
/* End PBXProject section */

/* Begin PBXResourcesBuildPhase section */
		30A01E76235C61C10010356B /* Resources */ = {
			isa = PBXResourcesBuildPhase;
			buildActionMask = 2147483647;
			files = (
				30A01E88235C61C30010356B /* LaunchScreen.storyboard in Resources */,
				30A01E85235C61C30010356B /* Preview Assets.xcassets in Resources */,
				30A01E82235C61C30010356B /* Assets.xcassets in Resources */,
			);
			runOnlyForDeploymentPostprocessing = 0;
		};
/* End PBXResourcesBuildPhase section */

/* Begin PBXSourcesBuildPhase section */
		30A01E74235C61C10010356B /* Sources */ = {
			isa = PBXSourcesBuildPhase;
			buildActionMask = 2147483647;
			files = (
				30A01E7C235C61C10010356B /* AppDelegate.swift in Sources */,
				30A01E7E235C61C10010356B /* SceneDelegate.swift in Sources */,
				30A01E80235C61C10010356B /* ContentView.swift in Sources */,
			);
			runOnlyForDeploymentPostprocessing = 0;
		};
/* End PBXSourcesBuildPhase section */

/* Begin PBXVariantGroup section */
		30A01E86235C61C30010356B /* LaunchScreen.storyboard */ = {
			isa = PBXVariantGroup;
			children = (
				30A01E87235C61C30010356B /* Base */,
			);
			name = LaunchScreen.storyboard;
			sourceTree = "<group>";
		};
/* End PBXVariantGroup section */

/* Begin XCBuildConfiguration section */
		30A01E8A235C61C30010356B /* Debug */ = {
			isa = XCBuildConfiguration;
			buildSettings = {
				ALWAYS_SEARCH_USER_PATHS = NO;
				CLANG_ANALYZER_NONNULL = YES;
				CLANG_ANALYZER_NUMBER_OBJECT_CONVERSION = YES_AGGRESSIVE;
				CLANG_CXX_LANGUAGE_STANDARD = "gnu++14";
				CLANG_CXX_LIBRARY = "libc++";
				CLANG_ENABLE_MODULES = YES;
				CLANG_ENABLE_OBJC_ARC = YES;
				CLANG_ENABLE_OBJC_WEAK = YES;
				CLANG_WARN_BLOCK_CAPTURE_AUTORELEASING = YES;
				CLANG_WARN_BOOL_CONVERSION = YES;
				CLANG_WARN_COMMA = YES;
				CLANG_WARN_CONSTANT_CONVERSION = YES;
				CLANG_WARN_DEPRECATED_OBJC_IMPLEMENTATIONS = YES;
				CLANG_WARN_DIRECT_OBJC_ISA_USAGE = YES_ERROR;
				CLANG_WARN_DOCUMENTATION_COMMENTS = YES;
				CLANG_WARN_EMPTY_BODY = YES;
				CLANG_WARN_ENUM_CONVERSION = YES;
				CLANG_WARN_INFINITE_RECURSION = YES;
				CLANG_WARN_INT_CONVERSION = YES;
				CLANG_WARN_NON_LITERAL_NULL_CONVERSION = YES;
				CLANG_WARN_OBJC_IMPLICIT_RETAIN_SELF = YES;
				CLANG_WARN_OBJC_LITERAL_CONVERSION = YES;
				CLANG_WARN_OBJC_ROOT_CLASS = YES_ERROR;
				CLANG_WARN_RANGE_LOOP_ANALYSIS = YES;
				CLANG_WARN_STRICT_PROTOTYPES = YES;
				CLANG_WARN_SUSPICIOUS_MOVE = YES;
				CLANG_WARN_UNGUARDED_AVAILABILITY = YES_AGGRESSIVE;
				CLANG_WARN_UNREACHABLE_CODE = YES;
				CLANG_WARN__DUPLICATE_METHOD_MATCH = YES;
				COPY_PHASE_STRIP = NO;
				DEBUG_INFORMATION_FORMAT = dwarf;
				ENABLE_STRICT_OBJC_MSGSEND = YES;
				ENABLE_TESTABILITY = YES;
				GCC_C_LANGUAGE_STANDARD = gnu11;
				GCC_DYNAMIC_NO_PIC = NO;
				GCC_NO_COMMON_BLOCKS = YES;
				GCC_OPTIMIZATION_LEVEL = 0;
				GCC_PREPROCESSOR_DEFINITIONS = (
					"DEBUG=1",
					"$(inherited)",
				);
				GCC_WARN_64_TO_32_BIT_CONVERSION = YES;
				GCC_WARN_ABOUT_RETURN_TYPE = YES_ERROR;
				GCC_WARN_UNDECLARED_SELECTOR = YES;
				GCC_WARN_UNINITIALIZED_AUTOS = YES_AGGRESSIVE;
				GCC_WARN_UNUSED_FUNCTION = YES;
				GCC_WARN_UNUSED_VARIABLE = YES;
				IPHONEOS_DEPLOYMENT_TARGET = 13.1;
				MTL_ENABLE_DEBUG_INFO = INCLUDE_SOURCE;
				MTL_FAST_MATH = YES;
				ONLY_ACTIVE_ARCH = YES;
				SDKROOT = iphoneos;
				SWIFT_ACTIVE_COMPILATION_CONDITIONS = DEBUG;
				SWIFT_OPTIMIZATION_LEVEL = "-Onone";
			};
			name = Debug;
		};
		30A01E8B235C61C30010356B /* Release */ = {
			isa = XCBuildConfiguration;
			buildSettings = {
				ALWAYS_SEARCH_USER_PATHS = NO;
				CLANG_ANALYZER_NONNULL = YES;
				CLANG_ANALYZER_NUMBER_OBJECT_CONVERSION = YES_AGGRESSIVE;
				CLANG_CXX_LANGUAGE_STANDARD = "gnu++14";
				CLANG_CXX_LIBRARY = "libc++";
				CLANG_ENABLE_MODULES = YES;
				CLANG_ENABLE_OBJC_ARC = YES;
				CLANG_ENABLE_OBJC_WEAK = YES;
				CLANG_WARN_BLOCK_CAPTURE_AUTORELEASING = YES;
				CLANG_WARN_BOOL_CONVERSION = YES;
				CLANG_WARN_COMMA = YES;
				CLANG_WARN_CONSTANT_CONVERSION = YES;
				CLANG_WARN_DEPRECATED_OBJC_IMPLEMENTATIONS = YES;
				CLANG_WARN_DIRECT_OBJC_ISA_USAGE = YES_ERROR;
				CLANG_WARN_DOCUMENTATION_COMMENTS = YES;
				CLANG_WARN_EMPTY_BODY = YES;
				CLANG_WARN_ENUM_CONVERSION = YES;
				CLANG_WARN_INFINITE_RECURSION = YES;
				CLANG_WARN_INT_CONVERSION = YES;
				CLANG_WARN_NON_LITERAL_NULL_CONVERSION = YES;
				CLANG_WARN_OBJC_IMPLICIT_RETAIN_SELF = YES;
				CLANG_WARN_OBJC_LITERAL_CONVERSION = YES;
				CLANG_WARN_OBJC_ROOT_CLASS = YES_ERROR;
				CLANG_WARN_RANGE_LOOP_ANALYSIS = YES;
				CLANG_WARN_STRICT_PROTOTYPES = YES;
				CLANG_WARN_SUSPICIOUS_MOVE = YES;
				CLANG_WARN_UNGUARDED_AVAILABILITY = YES_AGGRESSIVE;
				CLANG_WARN_UNREACHABLE_CODE = YES;
				CLANG_WARN__DUPLICATE_METHOD_MATCH = YES;
				COPY_PHASE_STRIP = NO;
				DEBUG_INFORMATION_FORMAT = "dwarf-with-dsym";
				ENABLE_NS_ASSERTIONS = NO;
				ENABLE_STRICT_OBJC_MSGSEND = YES;
				GCC_C_LANGUAGE_STANDARD = gnu11;
				GCC_NO_COMMON_BLOCKS = YES;
				GCC_WARN_64_TO_32_BIT_CONVERSION = YES;
				GCC_WARN_ABOUT_RETURN_TYPE = YES_ERROR;
				GCC_WARN_UNDECLARED_SELECTOR = YES;
				GCC_WARN_UNINITIALIZED_AUTOS = YES_AGGRESSIVE;
				GCC_WARN_UNUSED_FUNCTION = YES;
				GCC_WARN_UNUSED_VARIABLE = YES;
				IPHONEOS_DEPLOYMENT_TARGET = 13.1;
				MTL_ENABLE_DEBUG_INFO = NO;
				MTL_FAST_MATH = YES;
				SDKROOT = iphoneos;
				SWIFT_COMPILATION_MODE = wholemodule;
				SWIFT_OPTIMIZATION_LEVEL = "-O";
				VALIDATE_PRODUCT = YES;
			};
			name = Release;
		};
		30A01E8D235C61C30010356B /* Debug */ = {
			isa = XCBuildConfiguration;
			buildSettings = {
				ASSETCATALOG_COMPILER_APPICON_NAME = AppIcon;
				CODE_SIGN_STYLE = Automatic;
				DEVELOPMENT_ASSET_PATHS = "\"TabbedViewTutorials/Preview Content\"";
				ENABLE_PREVIEWS = YES;
				INFOPLIST_FILE = TabbedViewTutorials/Info.plist;
				LD_RUNPATH_SEARCH_PATHS = (
					"$(inherited)",
					"@executable_path/Frameworks",
				);
				PRODUCT_BUNDLE_IDENTIFIER = duybui.iosapptemplate.tutorial.TabbedViewTutorials;
				PRODUCT_NAME = "$(TARGET_NAME)";
				SWIFT_VERSION = 5.0;
				TARGETED_DEVICE_FAMILY = "1,2";
			};
			name = Debug;
		};
		30A01E8E235C61C30010356B /* Release */ = {
			isa = XCBuildConfiguration;
			buildSettings = {
				ASSETCATALOG_COMPILER_APPICON_NAME = AppIcon;
				CODE_SIGN_STYLE = Automatic;
				DEVELOPMENT_ASSET_PATHS = "\"TabbedViewTutorials/Preview Content\"";
				ENABLE_PREVIEWS = YES;
				INFOPLIST_FILE = TabbedViewTutorials/Info.plist;
				LD_RUNPATH_SEARCH_PATHS = (
					"$(inherited)",
					"@executable_path/Frameworks",
				);
				PRODUCT_BUNDLE_IDENTIFIER = duybui.iosapptemplate.tutorial.TabbedViewTutorials;
				PRODUCT_NAME = "$(TARGET_NAME)";
				SWIFT_VERSION = 5.0;
				TARGETED_DEVICE_FAMILY = "1,2";
			};
			name = Release;
		};
/* End XCBuildConfiguration section */

/* Begin XCConfigurationList section */
		30A01E73235C61C10010356B /* Build configuration list for PBXProject "TabbedViewTutorials" */ = {
			isa = XCConfigurationList;
			buildConfigurations = (
				30A01E8A235C61C30010356B /* Debug */,
				30A01E8B235C61C30010356B /* Release */,
			);
			defaultConfigurationIsVisible = 0;
			defaultConfigurationName = Release;
		};
		30A01E8C235C61C30010356B /* Build configuration list for PBXNativeTarget "TabbedViewTutorials" */ = {
			isa = XCConfigurationList;
			buildConfigurations = (
				30A01E8D235C61C30010356B /* Debug */,
				30A01E8E235C61C30010356B /* Release */,
			);
			defaultConfigurationIsVisible = 0;
			defaultConfigurationName = Release;
		};
/* End XCConfigurationList section */
	};
	rootObject = 30A01E70235C61C10010356B /* Project object */;
}
