// !$*UTF8*$!
{
	archiveVersion = 1;
	classes = {
	};
	objectVersion = 50;
	objects = {

/* Begin PBXBuildFile section */
		30FC284C236B9D3E00DF476E /* AppDelegate.swift in Sources */ = {isa = PBXBuildFile; fileRef = 30FC284B236B9D3E00DF476E /* AppDelegate.swift */; };
		30FC284E236B9D3E00DF476E /* SceneDelegate.swift in Sources */ = {isa = PBXBuildFile; fileRef = 30FC284D236B9D3E00DF476E /* SceneDelegate.swift */; };
		30FC2850236B9D3E00DF476E /* ContentView.swift in Sources */ = {isa = PBXBuildFile; fileRef = 30FC284F236B9D3E00DF476E /* ContentView.swift */; };
		30FC2852236B9D4200DF476E /* Assets.xcassets in Resources */ = {isa = PBXBuildFile; fileRef = 30FC2851236B9D4200DF476E /* Assets.xcassets */; };
		30FC2855236B9D4200DF476E /* Preview Assets.xcassets in Resources */ = {isa = PBXBuildFile; fileRef = 30FC2854236B9D4200DF476E /* Preview Assets.xcassets */; };
		30FC2858236B9D4200DF476E /* LaunchScreen.storyboard in Resources */ = {isa = PBXBuildFile; fileRef = 30FC2856236B9D4200DF476E /* LaunchScreen.storyboard */; };
		30FC2860236BF7E000DF476E /* MapViewAdvance.swift in Sources */ = {isa = PBXBuildFile; fileRef = 30FC285F236BF7E000DF476E /* MapViewAdvance.swift */; };
/* End PBXBuildFile section */

/* Begin PBXFileReference section */
		30FC2848236B9D3E00DF476E /* MapViewTutorial.app */ = {isa = PBXFileReference; explicitFileType = wrapper.application; includeInIndex = 0; path = MapViewTutorial.app; sourceTree = BUILT_PRODUCTS_DIR; };
		30FC284B236B9D3E00DF476E /* AppDelegate.swift */ = {isa = PBXFileReference; lastKnownFileType = sourcecode.swift; path = AppDelegate.swift; sourceTree = "<group>"; };
		30FC284D236B9D3E00DF476E /* SceneDelegate.swift */ = {isa = PBXFileReference; lastKnownFileType = sourcecode.swift; path = SceneDelegate.swift; sourceTree = "<group>"; };
		30FC284F236B9D3E00DF476E /* ContentView.swift */ = {isa = PBXFileReference; lastKnownFileType = sourcecode.swift; path = ContentView.swift; sourceTree = "<group>"; };
		30FC2851236B9D4200DF476E /* Assets.xcassets */ = {isa = PBXFileReference; lastKnownFileType = folder.assetcatalog; path = Assets.xcassets; sourceTree = "<group>"; };
		30FC2854236B9D4200DF476E /* Preview Assets.xcassets */ = {isa = PBXFileReference; lastKnownFileType = folder.assetcatalog; path = "Preview Assets.xcassets"; sourceTree = "<group>"; };
		30FC2857236B9D4200DF476E /* Base */ = {isa = PBXFileReference; lastKnownFileType = file.storyboard; name = Base; path = Base.lproj/LaunchScreen.storyboard; sourceTree = "<group>"; };
		30FC2859236B9D4200DF476E /* Info.plist */ = {isa = PBXFileReference; lastKnownFileType = text.plist.xml; path = Info.plist; sourceTree = "<group>"; };
		30FC285F236BF7E000DF476E /* MapViewAdvance.swift */ = {isa = PBXFileReference; lastKnownFileType = sourcecode.swift; path = MapViewAdvance.swift; sourceTree = "<group>"; };
/* End PBXFileReference section */

/* Begin PBXFrameworksBuildPhase section */
		30FC2845236B9D3E00DF476E /* Frameworks */ = {
			isa = PBXFrameworksBuildPhase;
			buildActionMask = 2147483647;
			files = (
			);
			runOnlyForDeploymentPostprocessing = 0;
		};
/* End PBXFrameworksBuildPhase section */

/* Begin PBXGroup section */
		30FC283F236B9D3E00DF476E = {
			isa = PBXGroup;
			children = (
				30FC284A236B9D3E00DF476E /* MapViewTutorial */,
				30FC2849236B9D3E00DF476E /* Products */,
			);
			sourceTree = "<group>";
		};
		30FC2849236B9D3E00DF476E /* Products */ = {
			isa = PBXGroup;
			children = (
				30FC2848236B9D3E00DF476E /* MapViewTutorial.app */,
			);
			name = Products;
			sourceTree = "<group>";
		};
		30FC284A236B9D3E00DF476E /* MapViewTutorial */ = {
			isa = PBXGroup;
			children = (
				30FC284B236B9D3E00DF476E /* AppDelegate.swift */,
				30FC284D236B9D3E00DF476E /* SceneDelegate.swift */,
				30FC285F236BF7E000DF476E /* MapViewAdvance.swift */,
				30FC284F236B9D3E00DF476E /* ContentView.swift */,
				30FC2851236B9D4200DF476E /* Assets.xcassets */,
				30FC2856236B9D4200DF476E /* LaunchScreen.storyboard */,
				30FC2859236B9D4200DF476E /* Info.plist */,
				30FC2853236B9D4200DF476E /* Preview Content */,
			);
			path = MapViewTutorial;
			sourceTree = "<group>";
		};
		30FC2853236B9D4200DF476E /* Preview Content */ = {
			isa = PBXGroup;
			children = (
				30FC2854236B9D4200DF476E /* Preview Assets.xcassets */,
			);
			path = "Preview Content";
			sourceTree = "<group>";
		};
/* End PBXGroup section */

/* Begin PBXNativeTarget section */
		30FC2847236B9D3E00DF476E /* MapViewTutorial */ = {
			isa = PBXNativeTarget;
			buildConfigurationList = 30FC285C236B9D4200DF476E /* Build configuration list for PBXNativeTarget "MapViewTutorial" */;
			buildPhases = (
				30FC2844236B9D3E00DF476E /* Sources */,
				30FC2845236B9D3E00DF476E /* Frameworks */,
				30FC2846236B9D3E00DF476E /* Resources */,
			);
			buildRules = (
			);
			dependencies = (
			);
			name = MapViewTutorial;
			productName = MapViewTutorial;
			productReference = 30FC2848236B9D3E00DF476E /* MapViewTutorial.app */;
			productType = "com.apple.product-type.application";
		};
/* End PBXNativeTarget section */

/* Begin PBXProject section */
		30FC2840236B9D3E00DF476E /* Project object */ = {
			isa = PBXProject;
			attributes = {
				LastSwiftUpdateCheck = 1110;
				LastUpgradeCheck = 1110;
				ORGANIZATIONNAME = "Duy Bui";
				TargetAttributes = {
					30FC2847236B9D3E00DF476E = {
						CreatedOnToolsVersion = 11.1;
					};
				};
			};
			buildConfigurationList = 30FC2843236B9D3E00DF476E /* Build configuration list for PBXProject "MapViewTutorial" */;
			compatibilityVersion = "Xcode 9.3";
			developmentRegion = en;
			hasScannedForEncodings = 0;
			knownRegions = (
				en,
				Base,
			);
			mainGroup = 30FC283F236B9D3E00DF476E;
			productRefGroup = 30FC2849236B9D3E00DF476E /* Products */;
			projectDirPath = "";
			projectRoot = "";
			targets = (
				30FC2847236B9D3E00DF476E /* MapViewTutorial */,
			);
		};
/* End PBXProject section */

/* Begin PBXResourcesBuildPhase section */
		30FC2846236B9D3E00DF476E /* Resources */ = {
			isa = PBXResourcesBuildPhase;
			buildActionMask = 2147483647;
			files = (
				30FC2858236B9D4200DF476E /* LaunchScreen.storyboard in Resources */,
				30FC2855236B9D4200DF476E /* Preview Assets.xcassets in Resources */,
				30FC2852236B9D4200DF476E /* Assets.xcassets in Resources */,
			);
			runOnlyForDeploymentPostprocessing = 0;
		};
/* End PBXResourcesBuildPhase section */

/* Begin PBXSourcesBuildPhase section */
		30FC2844236B9D3E00DF476E /* Sources */ = {
			isa = PBXSourcesBuildPhase;
			buildActionMask = 2147483647;
			files = (
				30FC284C236B9D3E00DF476E /* AppDelegate.swift in Sources */,
				30FC284E236B9D3E00DF476E /* SceneDelegate.swift in Sources */,
				30FC2860236BF7E000DF476E /* MapViewAdvance.swift in Sources */,
				30FC2850236B9D3E00DF476E /* ContentView.swift in Sources */,
			);
			runOnlyForDeploymentPostprocessing = 0;
		};
/* End PBXSourcesBuildPhase section */

/* Begin PBXVariantGroup section */
		30FC2856236B9D4200DF476E /* LaunchScreen.storyboard */ = {
			isa = PBXVariantGroup;
			children = (
				30FC2857236B9D4200DF476E /* Base */,
			);
			name = LaunchScreen.storyboard;
			sourceTree = "<group>";
		};
/* End PBXVariantGroup section */

/* Begin XCBuildConfiguration section */
		30FC285A236B9D4200DF476E /* Debug */ = {
			isa = XCBuildConfiguration;
			buildSettings = {
				ALWAYS_SEARCH_USER_PATHS = NO;
				CLANG_ANALYZER_NONNULL = YES;
				CLANG_ANALYZER_NUMBER_OBJECT_CONVERSION = YES_AGGRESSIVE;
				CLANG_CXX_LANGUAGE_STANDARD = "gnu++14";
				CLANG_CXX_LIBRARY = "libc++";
				CLANG_ENABLE_MODULES = YES;
				CLANG_ENABLE_OBJC_ARC = YES;
				CLANG_ENABLE_OBJC_WEAK = YES;
				CLANG_WARN_BLOCK_CAPTURE_AUTORELEASING = YES;
				CLANG_WARN_BOOL_CONVERSION = YES;
				CLANG_WARN_COMMA = YES;
				CLANG_WARN_CONSTANT_CONVERSION = YES;
				CLANG_WARN_DEPRECATED_OBJC_IMPLEMENTATIONS = YES;
				CLANG_WARN_DIRECT_OBJC_ISA_USAGE = YES_ERROR;
				CLANG_WARN_DOCUMENTATION_COMMENTS = YES;
				CLANG_WARN_EMPTY_BODY = YES;
				CLANG_WARN_ENUM_CONVERSION = YES;
				CLANG_WARN_INFINITE_RECURSION = YES;
				CLANG_WARN_INT_CONVERSION = YES;
				CLANG_WARN_NON_LITERAL_NULL_CONVERSION = YES;
				CLANG_WARN_OBJC_IMPLICIT_RETAIN_SELF = YES;
				CLANG_WARN_OBJC_LITERAL_CONVERSION = YES;
				CLANG_WARN_OBJC_ROOT_CLASS = YES_ERROR;
				CLANG_WARN_RANGE_LOOP_ANALYSIS = YES;
				CLANG_WARN_STRICT_PROTOTYPES = YES;
				CLANG_WARN_SUSPICIOUS_MOVE = YES;
				CLANG_WARN_UNGUARDED_AVAILABILITY = YES_AGGRESSIVE;
				CLANG_WARN_UNREACHABLE_CODE = YES;
				CLANG_WARN__DUPLICATE_METHOD_MATCH = YES;
				COPY_PHASE_STRIP = NO;
				DEBUG_INFORMATION_FORMAT = dwarf;
				ENABLE_STRICT_OBJC_MSGSEND = YES;
				ENABLE_TESTABILITY = YES;
				GCC_C_LANGUAGE_STANDARD = gnu11;
				GCC_DYNAMIC_NO_PIC = NO;
				GCC_NO_COMMON_BLOCKS = YES;
				GCC_OPTIMIZATION_LEVEL = 0;
				GCC_PREPROCESSOR_DEFINITIONS = (
					"DEBUG=1",
					"$(inherited)",
				);
				GCC_WARN_64_TO_32_BIT_CONVERSION = YES;
				GCC_WARN_ABOUT_RETURN_TYPE = YES_ERROR;
				GCC_WARN_UNDECLARED_SELECTOR = YES;
				GCC_WARN_UNINITIALIZED_AUTOS = YES_AGGRESSIVE;
				GCC_WARN_UNUSED_FUNCTION = YES;
				GCC_WARN_UNUSED_VARIABLE = YES;
				IPHONEOS_DEPLOYMENT_TARGET = 13.1;
				MTL_ENABLE_DEBUG_INFO = INCLUDE_SOURCE;
				MTL_FAST_MATH = YES;
				ONLY_ACTIVE_ARCH = YES;
				SDKROOT = iphoneos;
				SWIFT_ACTIVE_COMPILATION_CONDITIONS = DEBUG;
				SWIFT_OPTIMIZATION_LEVEL = "-Onone";
			};
			name = Debug;
		};
		30FC285B236B9D4200DF476E /* Release */ = {
			isa = XCBuildConfiguration;
			buildSettings = {
				ALWAYS_SEARCH_USER_PATHS = NO;
				CLANG_ANALYZER_NONNULL = YES;
				CLANG_ANALYZER_NUMBER_OBJECT_CONVERSION = YES_AGGRESSIVE;
				CLANG_CXX_LANGUAGE_STANDARD = "gnu++14";
				CLANG_CXX_LIBRARY = "libc++";
				CLANG_ENABLE_MODULES = YES;
				CLANG_ENABLE_OBJC_ARC = YES;
				CLANG_ENABLE_OBJC_WEAK = YES;
				CLANG_WARN_BLOCK_CAPTURE_AUTORELEASING = YES;
				CLANG_WARN_BOOL_CONVERSION = YES;
				CLANG_WARN_COMMA = YES;
				CLANG_WARN_CONSTANT_CONVERSION = YES;
				CLANG_WARN_DEPRECATED_OBJC_IMPLEMENTATIONS = YES;
				CLANG_WARN_DIRECT_OBJC_ISA_USAGE = YES_ERROR;
				CLANG_WARN_DOCUMENTATION_COMMENTS = YES;
				CLANG_WARN_EMPTY_BODY = YES;
				CLANG_WARN_ENUM_CONVERSION = YES;
				CLANG_WARN_INFINITE_RECURSION = YES;
				CLANG_WARN_INT_CONVERSION = YES;
				CLANG_WARN_NON_LITERAL_NULL_CONVERSION = YES;
				CLANG_WARN_OBJC_IMPLICIT_RETAIN_SELF = YES;
				CLANG_WARN_OBJC_LITERAL_CONVERSION = YES;
				CLANG_WARN_OBJC_ROOT_CLASS = YES_ERROR;
				CLANG_WARN_RANGE_LOOP_ANALYSIS = YES;
				CLANG_WARN_STRICT_PROTOTYPES = YES;
				CLANG_WARN_SUSPICIOUS_MOVE = YES;
				CLANG_WARN_UNGUARDED_AVAILABILITY = YES_AGGRESSIVE;
				CLANG_WARN_UNREACHABLE_CODE = YES;
				CLANG_WARN__DUPLICATE_METHOD_MATCH = YES;
				COPY_PHASE_STRIP = NO;
				DEBUG_INFORMATION_FORMAT = "dwarf-with-dsym";
				ENABLE_NS_ASSERTIONS = NO;
				ENABLE_STRICT_OBJC_MSGSEND = YES;
				GCC_C_LANGUAGE_STANDARD = gnu11;
				GCC_NO_COMMON_BLOCKS = YES;
				GCC_WARN_64_TO_32_BIT_CONVERSION = YES;
				GCC_WARN_ABOUT_RETURN_TYPE = YES_ERROR;
				GCC_WARN_UNDECLARED_SELECTOR = YES;
				GCC_WARN_UNINITIALIZED_AUTOS = YES_AGGRESSIVE;
				GCC_WARN_UNUSED_FUNCTION = YES;
				GCC_WARN_UNUSED_VARIABLE = YES;
				IPHONEOS_DEPLOYMENT_TARGET = 13.1;
				MTL_ENABLE_DEBUG_INFO = NO;
				MTL_FAST_MATH = YES;
				SDKROOT = iphoneos;
				SWIFT_COMPILATION_MODE = wholemodule;
				SWIFT_OPTIMIZATION_LEVEL = "-O";
				VALIDATE_PRODUCT = YES;
			};
			name = Release;
		};
		30FC285D236B9D4200DF476E /* Debug */ = {
			isa = XCBuildConfiguration;
			buildSettings = {
				ASSETCATALOG_COMPILER_APPICON_NAME = AppIcon;
				CODE_SIGN_STYLE = Automatic;
				DEVELOPMENT_ASSET_PATHS = "\"MapViewTutorial/Preview Content\"";
				ENABLE_PREVIEWS = YES;
				INFOPLIST_FILE = MapViewTutorial/Info.plist;
				LD_RUNPATH_SEARCH_PATHS = (
					"$(inherited)",
					"@executable_path/Frameworks",
				);
				PRODUCT_BUNDLE_IDENTIFIER = duybui.iosapptemplate.tutorial.MapViewTutorial;
				PRODUCT_NAME = "$(TARGET_NAME)";
				SWIFT_VERSION = 5.0;
				TARGETED_DEVICE_FAMILY = "1,2";
			};
			name = Debug;
		};
		30FC285E236B9D4200DF476E /* Release */ = {
			isa = XCBuildConfiguration;
			buildSettings = {
				ASSETCATALOG_COMPILER_APPICON_NAME = AppIcon;
				CODE_SIGN_STYLE = Automatic;
				DEVELOPMENT_ASSET_PATHS = "\"MapViewTutorial/Preview Content\"";
				ENABLE_PREVIEWS = YES;
				INFOPLIST_FILE = MapViewTutorial/Info.plist;
				LD_RUNPATH_SEARCH_PATHS = (
					"$(inherited)",
					"@executable_path/Frameworks",
				);
				PRODUCT_BUNDLE_IDENTIFIER = duybui.iosapptemplate.tutorial.MapViewTutorial;
				PRODUCT_NAME = "$(TARGET_NAME)";
				SWIFT_VERSION = 5.0;
				TARGETED_DEVICE_FAMILY = "1,2";
			};
			name = Release;
		};
/* End XCBuildConfiguration section */

/* Begin XCConfigurationList section */
		30FC2843236B9D3E00DF476E /* Build configuration list for PBXProject "MapViewTutorial" */ = {
			isa = XCConfigurationList;
			buildConfigurations = (
				30FC285A236B9D4200DF476E /* Debug */,
				30FC285B236B9D4200DF476E /* Release */,
			);
			defaultConfigurationIsVisible = 0;
			defaultConfigurationName = Release;
		};
		30FC285C236B9D4200DF476E /* Build configuration list for PBXNativeTarget "MapViewTutorial" */ = {
			isa = XCConfigurationList;
			buildConfigurations = (
				30FC285D236B9D4200DF476E /* Debug */,
				30FC285E236B9D4200DF476E /* Release */,
			);
			defaultConfigurationIsVisible = 0;
			defaultConfigurationName = Release;
		};
/* End XCConfigurationList section */
	};
	rootObject = 30FC2840236B9D3E00DF476E /* Project object */;
}
